
Microsoft Visual Studio Solution File, Format Version 12.00
# Visual Studio Version 16
VisualStudioVersion = 16.0.29020.237
MinimumVisualStudioVersion = 10.0.40219.1
Project("{FAE04EC0-301F-11D3-BF4B-00C04F79EFBC}") = "BepInEx.MessageCenter", "BepInEx.MessageCenter\BepInEx.MessageCenter.csproj", "{49F9A640-B592-4A4F-9B73-C8C6B8F28C22}"
EndProject
Project("{FAE04EC0-301F-11D3-BF4B-00C04F79EFBC}") = "BepInEx.MuteInBackground", "BepInEx.MuteInBackground\BepInEx.MuteInBackground.csproj", "{8C497934-1D86-4B34-A777-5A9A27AE364F}"
EndProject
Project("{FAE04EC0-301F-11D3-BF4B-00C04F79EFBC}") = "BepInEx.EnableResize", "BepInEx.EnableResize\BepInEx.EnableResize.csproj", "{B8CFC3BF-4724-4C80-86AC-6AA22AF2FE3B}"
EndProject
Project("{FAE04EC0-301F-11D3-BF4B-00C04F79EFBC}") = "BepInEx.EnableFullScreenToggle", "BepInEx.EnableFullScreenToggle\BepInEx.EnableFullScreenToggle.csproj", "{D7B4A73A-1C1A-4C52-8FA6-3B52C2240C29}"
EndProject
Global
	GlobalSection(SolutionConfigurationPlatforms) = preSolution
		Debug|Any CPU = Debug|Any CPU
		Release|Any CPU = Release|Any CPU
	EndGlobalSection
	GlobalSection(ProjectConfigurationPlatforms) = postSolution
		{49F9A640-B592-4A4F-9B73-C8C6B8F28C22}.Debug|Any CPU.ActiveCfg = Debug|Any CPU
		{49F9A640-B592-4A4F-9B73-C8C6B8F28C22}.Debug|Any CPU.Build.0 = Debug|Any CPU
		{49F9A640-B592-4A4F-9B73-C8C6B8F28C22}.Release|Any CPU.ActiveCfg = Release|Any CPU
		{49F9A640-B592-4A4F-9B73-C8C6B8F28C22}.Release|Any CPU.Build.0 = Release|Any CPU
		{8C497934-1D86-4B34-A777-5A9A27AE364F}.Debug|Any CPU.ActiveCfg = Debug|Any CPU
		{8C497934-1D86-4B34-A777-5A9A27AE364F}.Debug|Any CPU.Build.0 = Debug|Any CPU
		{8C497934-1D86-4B34-A777-5A9A27AE364F}.Release|Any CPU.ActiveCfg = Release|Any CPU
		{8C497934-1D86-4B34-A777-5A9A27AE364F}.Release|Any CPU.Build.0 = Release|Any CPU
		{B8CFC3BF-4724-4C80-86AC-6AA22AF2FE3B}.Debug|Any CPU.ActiveCfg = Debug|Any CPU
		{B8CFC3BF-4724-4C80-86AC-6AA22AF2FE3B}.Debug|Any CPU.Build.0 = Debug|Any CPU
		{B8CFC3BF-4724-4C80-86AC-6AA22AF2FE3B}.Release|Any CPU.ActiveCfg = Release|Any CPU
		{B8CFC3BF-4724-4C80-86AC-6AA22AF2FE3B}.Release|Any CPU.Build.0 = Release|Any CPU
		{D7B4A73A-1C1A-4C52-8FA6-3B52C2240C29}.Debug|Any CPU.ActiveCfg = Debug|Any CPU
		{D7B4A73A-1C1A-4C52-8FA6-3B52C2240C29}.Debug|Any CPU.Build.0 = Debug|Any CPU
		{D7B4A73A-1C1A-4C52-8FA6-3B52C2240C29}.Release|Any CPU.ActiveCfg = Release|Any CPU
		{D7B4A73A-1C1A-4C52-8FA6-3B52C2240C29}.Release|Any CPU.Build.0 = Release|Any CPU
	EndGlobalSection
	GlobalSection(SolutionProperties) = preSolution
		HideSolutionNode = FALSE
	EndGlobalSection
	GlobalSection(ExtensibilityGlobals) = postSolution
		SolutionGuid = {1265B9CA-848D-4BB6-AF19-4E8DA8CBA126}
	EndGlobalSection
EndGlobal
